// !$*UTF8*$!
{
	archiveVersion = 1;
	classes = {
	};
	objectVersion = 56;
	objects = {

/* Begin PBXBuildFile section */
		6B0AD8A82C8EE63B001F561C /* InfoDayApp.swift in Sources */ = {isa = PBXBuildFile; fileRef = 6B0AD8A72C8EE63B001F561C /* InfoDayApp.swift */; };
		6B0AD8AA2C8EE63B001F561C /* ContentView.swift in Sources */ = {isa = PBXBuildFile; fileRef = 6B0AD8A92C8EE63B001F561C /* ContentView.swift */; };
		6B0AD8AC2C8EE63C001F561C /* Assets.xcassets in Resources */ = {isa = PBXBuildFile; fileRef = 6B0AD8AB2C8EE63C001F561C /* Assets.xcassets */; };
		6B0AD8B02C8EE63C001F561C /* Preview Assets.xcassets in Resources */ = {isa = PBXBuildFile; fileRef = 6B0AD8AF2C8EE63C001F561C /* Preview Assets.xcassets */; };
		6B0AD8BA2C8EE63C001F561C /* InfoDayTests.swift in Sources */ = {isa = PBXBuildFile; fileRef = 6B0AD8B92C8EE63C001F561C /* InfoDayTests.swift */; };
		6B0AD8C42C8EE63C001F561C /* InfoDayUITests.swift in Sources */ = {isa = PBXBuildFile; fileRef = 6B0AD8C32C8EE63C001F561C /* InfoDayUITests.swift */; };
		6B0AD8C62C8EE63C001F561C /* InfoDayUITestsLaunchTests.swift in Sources */ = {isa = PBXBuildFile; fileRef = 6B0AD8C52C8EE63C001F561C /* InfoDayUITestsLaunchTests.swift */; };
		6B0AD8D52C8EEA52001F561C /* InfoView.swift in Sources */ = {isa = PBXBuildFile; fileRef = 6B0AD8D42C8EEA52001F561C /* InfoView.swift */; };
/* End PBXBuildFile section */

/* Begin PBXContainerItemProxy section */
		6B0AD8B62C8EE63C001F561C /* PBXContainerItemProxy */ = {
			isa = PBXContainerItemProxy;
			containerPortal = 6B0AD89C2C8EE63B001F561C /* Project object */;
			proxyType = 1;
			remoteGlobalIDString = 6B0AD8A32C8EE63B001F561C;
			remoteInfo = InfoDay;
		};
		6B0AD8C02C8EE63C001F561C /* PBXContainerItemProxy */ = {
			isa = PBXContainerItemProxy;
			containerPortal = 6B0AD89C2C8EE63B001F561C /* Project object */;
			proxyType = 1;
			remoteGlobalIDString = 6B0AD8A32C8EE63B001F561C;
			remoteInfo = InfoDay;
		};
/* End PBXContainerItemProxy section */

/* Begin PBXFileReference section */
		6B0AD8A42C8EE63B001F561C /* InfoDay.app */ = {isa = PBXFileReference; explicitFileType = wrapper.application; includeInIndex = 0; path = InfoDay.app; sourceTree = BUILT_PRODUCTS_DIR; };
		6B0AD8A72C8EE63B001F561C /* InfoDayApp.swift */ = {isa = PBXFileReference; lastKnownFileType = sourcecode.swift; path = InfoDayApp.swift; sourceTree = "<group>"; };
		6B0AD8A92C8EE63B001F561C /* ContentView.swift */ = {isa = PBXFileReference; lastKnownFileType = sourcecode.swift; path = ContentView.swift; sourceTree = "<group>"; };
		6B0AD8AB2C8EE63C001F561C /* Assets.xcassets */ = {isa = PBXFileReference; lastKnownFileType = folder.assetcatalog; path = Assets.xcassets; sourceTree = "<group>"; };
		6B0AD8AD2C8EE63C001F561C /* InfoDay.entitlements */ = {isa = PBXFileReference; lastKnownFileType = text.plist.entitlements; path = InfoDay.entitlements; sourceTree = "<group>"; };
		6B0AD8AF2C8EE63C001F561C /* Preview Assets.xcassets */ = {isa = PBXFileReference; lastKnownFileType = folder.assetcatalog; path = "Preview Assets.xcassets"; sourceTree = "<group>"; };
		6B0AD8B52C8EE63C001F561C /* InfoDayTests.xctest */ = {isa = PBXFileReference; explicitFileType = wrapper.cfbundle; includeInIndex = 0; path = InfoDayTests.xctest; sourceTree = BUILT_PRODUCTS_DIR; };
		6B0AD8B92C8EE63C001F561C /* InfoDayTests.swift */ = {isa = PBXFileReference; lastKnownFileType = sourcecode.swift; path = InfoDayTests.swift; sourceTree = "<group>"; };
		6B0AD8BF2C8EE63C001F561C /* InfoDayUITests.xctest */ = {isa = PBXFileReference; explicitFileType = wrapper.cfbundle; includeInIndex = 0; path = InfoDayUITests.xctest; sourceTree = BUILT_PRODUCTS_DIR; };
		6B0AD8C32C8EE63C001F561C /* InfoDayUITests.swift */ = {isa = PBXFileReference; lastKnownFileType = sourcecode.swift; path = InfoDayUITests.swift; sourceTree = "<group>"; };
		6B0AD8C52C8EE63C001F561C /* InfoDayUITestsLaunchTests.swift */ = {isa = PBXFileReference; lastKnownFileType = sourcecode.swift; path = InfoDayUITestsLaunchTests.swift; sourceTree = "<group>"; };
		6B0AD8D42C8EEA52001F561C /* InfoView.swift */ = {isa = PBXFileReference; lastKnownFileType = sourcecode.swift; path = InfoView.swift; sourceTree = "<group>"; };
/* End PBXFileReference section */

/* Begin PBXFrameworksBuildPhase section */
		6B0AD8A12C8EE63B001F561C /* Frameworks */ = {
			isa = PBXFrameworksBuildPhase;
			buildActionMask = 2147483647;
			files = (
			);
			runOnlyForDeploymentPostprocessing = 0;
		};
		6B0AD8B22C8EE63C001F561C /* Frameworks */ = {
			isa = PBXFrameworksBuildPhase;
			buildActionMask = 2147483647;
			files = (
			);
			runOnlyForDeploymentPostprocessing = 0;
		};
		6B0AD8BC2C8EE63C001F561C /* Frameworks */ = {
			isa = PBXFrameworksBuildPhase;
			buildActionMask = 2147483647;
			files = (
			);
			runOnlyForDeploymentPostprocessing = 0;
		};
/* End PBXFrameworksBuildPhase section */

/* Begin PBXGroup section */
		6B0AD89B2C8EE63B001F561C = {
			isa = PBXGroup;
			children = (
				6B0AD8A62C8EE63B001F561C /* InfoDay */,
				6B0AD8B82C8EE63C001F561C /* InfoDayTests */,
				6B0AD8C22C8EE63C001F561C /* InfoDayUITests */,
				6B0AD8A52C8EE63B001F561C /* Products */,
			);
			sourceTree = "<group>";
		};
		6B0AD8A52C8EE63B001F561C /* Products */ = {
			isa = PBXGroup;
			children = (
				6B0AD8A42C8EE63B001F561C /* InfoDay.app */,
				6B0AD8B52C8EE63C001F561C /* InfoDayTests.xctest */,
				6B0AD8BF2C8EE63C001F561C /* InfoDayUITests.xctest */,
			);
			name = Products;
			sourceTree = "<group>";
		};
		6B0AD8A62C8EE63B001F561C /* InfoDay */ = {
			isa = PBXGroup;
			children = (
				6B0AD8A72C8EE63B001F561C /* InfoDayApp.swift */,
				6B0AD8A92C8EE63B001F561C /* ContentView.swift */,
				6B0AD8D42C8EEA52001F561C /* InfoView.swift */,
				6B0AD8AB2C8EE63C001F561C /* Assets.xcassets */,
				6B0AD8AD2C8EE63C001F561C /* InfoDay.entitlements */,
				6B0AD8AE2C8EE63C001F561C /* Preview Content */,
			);
			path = InfoDay;
			sourceTree = "<group>";
		};
		6B0AD8AE2C8EE63C001F561C /* Preview Content */ = {
			isa = PBXGroup;
			children = (
				6B0AD8AF2C8EE63C001F561C /* Preview Assets.xcassets */,
			);
			path = "Preview Content";
			sourceTree = "<group>";
		};
		6B0AD8B82C8EE63C001F561C /* InfoDayTests */ = {
			isa = PBXGroup;
			children = (
				6B0AD8B92C8EE63C001F561C /* InfoDayTests.swift */,
			);
			path = InfoDayTests;
			sourceTree = "<group>";
		};
		6B0AD8C22C8EE63C001F561C /* InfoDayUITests */ = {
			isa = PBXGroup;
			children = (
				6B0AD8C32C8EE63C001F561C /* InfoDayUITests.swift */,
				6B0AD8C52C8EE63C001F561C /* InfoDayUITestsLaunchTests.swift */,
			);
			path = InfoDayUITests;
			sourceTree = "<group>";
		};
/* End PBXGroup section */

/* Begin PBXNativeTarget section */
		6B0AD8A32C8EE63B001F561C /* InfoDay */ = {
			isa = PBXNativeTarget;
			buildConfigurationList = 6B0AD8C92C8EE63C001F561C /* Build configuration list for PBXNativeTarget "InfoDay" */;
			buildPhases = (
				6B0AD8A02C8EE63B001F561C /* Sources */,
				6B0AD8A12C8EE63B001F561C /* Frameworks */,
				6B0AD8A22C8EE63B001F561C /* Resources */,
			);
			buildRules = (
			);
			dependencies = (
			);
			name = InfoDay;
			productName = InfoDay;
			productReference = 6B0AD8A42C8EE63B001F561C /* InfoDay.app */;
			productType = "com.apple.product-type.application";
		};
		6B0AD8B42C8EE63C001F561C /* InfoDayTests */ = {
			isa = PBXNativeTarget;
			buildConfigurationList = 6B0AD8CC2C8EE63C001F561C /* Build configuration list for PBXNativeTarget "InfoDayTests" */;
			buildPhases = (
				6B0AD8B12C8EE63C001F561C /* Sources */,
				6B0AD8B22C8EE63C001F561C /* Frameworks */,
				6B0AD8B32C8EE63C001F561C /* Resources */,
			);
			buildRules = (
			);
			dependencies = (
				6B0AD8B72C8EE63C001F561C /* PBXTargetDependency */,
			);
			name = InfoDayTests;
			productName = InfoDayTests;
			productReference = 6B0AD8B52C8EE63C001F561C /* InfoDayTests.xctest */;
			productType = "com.apple.product-type.bundle.unit-test";
		};
		6B0AD8BE2C8EE63C001F561C /* InfoDayUITests */ = {
			isa = PBXNativeTarget;
			buildConfigurationList = 6B0AD8CF2C8EE63C001F561C /* Build configuration list for PBXNativeTarget "InfoDayUITests" */;
			buildPhases = (
				6B0AD8BB2C8EE63C001F561C /* Sources */,
				6B0AD8BC2C8EE63C001F561C /* Frameworks */,
				6B0AD8BD2C8EE63C001F561C /* Resources */,
			);
			buildRules = (
			);
			dependencies = (
				6B0AD8C12C8EE63C001F561C /* PBXTargetDependency */,
			);
			name = InfoDayUITests;
			productName = InfoDayUITests;
			productReference = 6B0AD8BF2C8EE63C001F561C /* InfoDayUITests.xctest */;
			productType = "com.apple.product-type.bundle.ui-testing";
		};
/* End PBXNativeTarget section */

/* Begin PBXProject section */
		6B0AD89C2C8EE63B001F561C /* Project object */ = {
			isa = PBXProject;
			attributes = {
				BuildIndependentTargetsInParallel = 1;
				LastSwiftUpdateCheck = 1540;
				LastUpgradeCheck = 1540;
				TargetAttributes = {
					6B0AD8A32C8EE63B001F561C = {
						CreatedOnToolsVersion = 15.4;
					};
					6B0AD8B42C8EE63C001F561C = {
						CreatedOnToolsVersion = 15.4;
						TestTargetID = 6B0AD8A32C8EE63B001F561C;
					};
					6B0AD8BE2C8EE63C001F561C = {
						CreatedOnToolsVersion = 15.4;
						TestTargetID = 6B0AD8A32C8EE63B001F561C;
					};
				};
			};
			buildConfigurationList = 6B0AD89F2C8EE63B001F561C /* Build configuration list for PBXProject "InfoDay" */;
			compatibilityVersion = "Xcode 14.0";
			developmentRegion = en;
			hasScannedForEncodings = 0;
			knownRegions = (
				en,
				Base,
			);
			mainGroup = 6B0AD89B2C8EE63B001F561C;
			productRefGroup = 6B0AD8A52C8EE63B001F561C /* Products */;
			projectDirPath = "";
			projectRoot = "";
			targets = (
				6B0AD8A32C8EE63B001F561C /* InfoDay */,
				6B0AD8B42C8EE63C001F561C /* InfoDayTests */,
				6B0AD8BE2C8EE63C001F561C /* InfoDayUITests */,
			);
		};
/* End PBXProject section */

/* Begin PBXResourcesBuildPhase section */
		6B0AD8A22C8EE63B001F561C /* Resources */ = {
			isa = PBXResourcesBuildPhase;
			buildActionMask = 2147483647;
			files = (
				6B0AD8B02C8EE63C001F561C /* Preview Assets.xcassets in Resources */,
				6B0AD8AC2C8EE63C001F561C /* Assets.xcassets in Resources */,
			);
			runOnlyForDeploymentPostprocessing = 0;
		};
		6B0AD8B32C8EE63C001F561C /* Resources */ = {
			isa = PBXResourcesBuildPhase;
			buildActionMask = 2147483647;
			files = (
			);
			runOnlyForDeploymentPostprocessing = 0;
		};
		6B0AD8BD2C8EE63C001F561C /* Resources */ = {
			isa = PBXResourcesBuildPhase;
			buildActionMask = 2147483647;
			files = (
			);
			runOnlyForDeploymentPostprocessing = 0;
		};
/* End PBXResourcesBuildPhase section */

/* Begin PBXSourcesBuildPhase section */
		6B0AD8A02C8EE63B001F561C /* Sources */ = {
			isa = PBXSourcesBuildPhase;
			buildActionMask = 2147483647;
			files = (
				6B0AD8AA2C8EE63B001F561C /* ContentView.swift in Sources */,
				6B0AD8D52C8EEA52001F561C /* InfoView.swift in Sources */,
				6B0AD8A82C8EE63B001F561C /* InfoDayApp.swift in Sources */,
			);
			runOnlyForDeploymentPostprocessing = 0;
		};
		6B0AD8B12C8EE63C001F561C /* Sources */ = {
			isa = PBXSourcesBuildPhase;
			buildActionMask = 2147483647;
			files = (
				6B0AD8BA2C8EE63C001F561C /* InfoDayTests.swift in Sources */,
			);
			runOnlyForDeploymentPostprocessing = 0;
		};
		6B0AD8BB2C8EE63C001F561C /* Sources */ = {
			isa = PBXSourcesBuildPhase;
			buildActionMask = 2147483647;
			files = (
				6B0AD8C42C8EE63C001F561C /* InfoDayUITests.swift in Sources */,
				6B0AD8C62C8EE63C001F561C /* InfoDayUITestsLaunchTests.swift in Sources */,
			);
			runOnlyForDeploymentPostprocessing = 0;
		};
/* End PBXSourcesBuildPhase section */

/* Begin PBXTargetDependency section */
		6B0AD8B72C8EE63C001F561C /* PBXTargetDependency */ = {
			isa = PBXTargetDependency;
			target = 6B0AD8A32C8EE63B001F561C /* InfoDay */;
			targetProxy = 6B0AD8B62C8EE63C001F561C /* PBXContainerItemProxy */;
		};
		6B0AD8C12C8EE63C001F561C /* PBXTargetDependency */ = {
			isa = PBXTargetDependency;
			target = 6B0AD8A32C8EE63B001F561C /* InfoDay */;
			targetProxy = 6B0AD8C02C8EE63C001F561C /* PBXContainerItemProxy */;
		};
/* End PBXTargetDependency section */

/* Begin XCBuildConfiguration section */
		6B0AD8C72C8EE63C001F561C /* Debug */ = {
			isa = XCBuildConfiguration;
			buildSettings = {
				ALWAYS_SEARCH_USER_PATHS = NO;
				ASSETCATALOG_COMPILER_GENERATE_SWIFT_ASSET_SYMBOL_EXTENSIONS = YES;
				CLANG_ANALYZER_NONNULL = YES;
				CLANG_ANALYZER_NUMBER_OBJECT_CONVERSION = YES_AGGRESSIVE;
				CLANG_CXX_LANGUAGE_STANDARD = "gnu++20";
				CLANG_ENABLE_MODULES = YES;
				CLANG_ENABLE_OBJC_ARC = YES;
				CLANG_ENABLE_OBJC_WEAK = YES;
				CLANG_WARN_BLOCK_CAPTURE_AUTORELEASING = YES;
				CLANG_WARN_BOOL_CONVERSION = YES;
				CLANG_WARN_COMMA = YES;
				CLANG_WARN_CONSTANT_CONVERSION = YES;
				CLANG_WARN_DEPRECATED_OBJC_IMPLEMENTATIONS = YES;
				CLANG_WARN_DIRECT_OBJC_ISA_USAGE = YES_ERROR;
				CLANG_WARN_DOCUMENTATION_COMMENTS = YES;
				CLANG_WARN_EMPTY_BODY = YES;
				CLANG_WARN_ENUM_CONVERSION = YES;
				CLANG_WARN_INFINITE_RECURSION = YES;
				CLANG_WARN_INT_CONVERSION = YES;
				CLANG_WARN_NON_LITERAL_NULL_CONVERSION = YES;
				CLANG_WARN_OBJC_IMPLICIT_RETAIN_SELF = YES;
				CLANG_WARN_OBJC_LITERAL_CONVERSION = YES;
				CLANG_WARN_OBJC_ROOT_CLASS = YES_ERROR;
				CLANG_WARN_QUOTED_INCLUDE_IN_FRAMEWORK_HEADER = YES;
				CLANG_WARN_RANGE_LOOP_ANALYSIS = YES;
				CLANG_WARN_STRICT_PROTOTYPES = YES;
				CLANG_WARN_SUSPICIOUS_MOVE = YES;
				CLANG_WARN_UNGUARDED_AVAILABILITY = YES_AGGRESSIVE;
				CLANG_WARN_UNREACHABLE_CODE = YES;
				CLANG_WARN__DUPLICATE_METHOD_MATCH = YES;
				COPY_PHASE_STRIP = NO;
				DEBUG_INFORMATION_FORMAT = dwarf;
				ENABLE_STRICT_OBJC_MSGSEND = YES;
				ENABLE_TESTABILITY = YES;
				ENABLE_USER_SCRIPT_SANDBOXING = YES;
				GCC_C_LANGUAGE_STANDARD = gnu17;
				GCC_DYNAMIC_NO_PIC = NO;
				GCC_NO_COMMON_BLOCKS = YES;
				GCC_OPTIMIZATION_LEVEL = 0;
				GCC_PREPROCESSOR_DEFINITIONS = (
					"DEBUG=1",
					"$(inherited)",
				);
				GCC_WARN_64_TO_32_BIT_CONVERSION = YES;
				GCC_WARN_ABOUT_RETURN_TYPE = YES_ERROR;
				GCC_WARN_UNDECLARED_SELECTOR = YES;
				GCC_WARN_UNINITIALIZED_AUTOS = YES_AGGRESSIVE;
				GCC_WARN_UNUSED_FUNCTION = YES;
				GCC_WARN_UNUSED_VARIABLE = YES;
				LOCALIZATION_PREFERS_STRING_CATALOGS = YES;
				MTL_ENABLE_DEBUG_INFO = INCLUDE_SOURCE;
				MTL_FAST_MATH = YES;
				ONLY_ACTIVE_ARCH = YES;
				SWIFT_ACTIVE_COMPILATION_CONDITIONS = "DEBUG $(inherited)";
				SWIFT_OPTIMIZATION_LEVEL = "-Onone";
			};
			name = Debug;
		};
		6B0AD8C82C8EE63C001F561C /* Release */ = {
			isa = XCBuildConfiguration;
			buildSettings = {
				ALWAYS_SEARCH_USER_PATHS = NO;
				ASSETCATALOG_COMPILER_GENERATE_SWIFT_ASSET_SYMBOL_EXTENSIONS = YES;
				CLANG_ANALYZER_NONNULL = YES;
				CLANG_ANALYZER_NUMBER_OBJECT_CONVERSION = YES_AGGRESSIVE;
				CLANG_CXX_LANGUAGE_STANDARD = "gnu++20";
				CLANG_ENABLE_MODULES = YES;
				CLANG_ENABLE_OBJC_ARC = YES;
				CLANG_ENABLE_OBJC_WEAK = YES;
				CLANG_WARN_BLOCK_CAPTURE_AUTORELEASING = YES;
				CLANG_WARN_BOOL_CONVERSION = YES;
				CLANG_WARN_COMMA = YES;
				CLANG_WARN_CONSTANT_CONVERSION = YES;
				CLANG_WARN_DEPRECATED_OBJC_IMPLEMENTATIONS = YES;
				CLANG_WARN_DIRECT_OBJC_ISA_USAGE = YES_ERROR;
				CLANG_WARN_DOCUMENTATION_COMMENTS = YES;
				CLANG_WARN_EMPTY_BODY = YES;
				CLANG_WARN_ENUM_CONVERSION = YES;
				CLANG_WARN_INFINITE_RECURSION = YES;
				CLANG_WARN_INT_CONVERSION = YES;
				CLANG_WARN_NON_LITERAL_NULL_CONVERSION = YES;
				CLANG_WARN_OBJC_IMPLICIT_RETAIN_SELF = YES;
				CLANG_WARN_OBJC_LITERAL_CONVERSION = YES;
				CLANG_WARN_OBJC_ROOT_CLASS = YES_ERROR;
				CLANG_WARN_QUOTED_INCLUDE_IN_FRAMEWORK_HEADER = YES;
				CLANG_WARN_RANGE_LOOP_ANALYSIS = YES;
				CLANG_WARN_STRICT_PROTOTYPES = YES;
				CLANG_WARN_SUSPICIOUS_MOVE = YES;
				CLANG_WARN_UNGUARDED_AVAILABILITY = YES_AGGRESSIVE;
				CLANG_WARN_UNREACHABLE_CODE = YES;
				CLANG_WARN__DUPLICATE_METHOD_MATCH = YES;
				COPY_PHASE_STRIP = NO;
				DEBUG_INFORMATION_FORMAT = "dwarf-with-dsym";
				ENABLE_NS_ASSERTIONS = NO;
				ENABLE_STRICT_OBJC_MSGSEND = YES;
				ENABLE_USER_SCRIPT_SANDBOXING = YES;
				GCC_C_LANGUAGE_STANDARD = gnu17;
				GCC_NO_COMMON_BLOCKS = YES;
				GCC_WARN_64_TO_32_BIT_CONVERSION = YES;
				GCC_WARN_ABOUT_RETURN_TYPE = YES_ERROR;
				GCC_WARN_UNDECLARED_SELECTOR = YES;
				GCC_WARN_UNINITIALIZED_AUTOS = YES_AGGRESSIVE;
				GCC_WARN_UNUSED_FUNCTION = YES;
				GCC_WARN_UNUSED_VARIABLE = YES;
				LOCALIZATION_PREFERS_STRING_CATALOGS = YES;
				MTL_ENABLE_DEBUG_INFO = NO;
				MTL_FAST_MATH = YES;
				SWIFT_COMPILATION_MODE = wholemodule;
			};
			name = Release;
		};
		6B0AD8CA2C8EE63C001F561C /* Debug */ = {
			isa = XCBuildConfiguration;
			buildSettings = {
				ASSETCATALOG_COMPILER_APPICON_NAME = AppIcon;
				ASSETCATALOG_COMPILER_GLOBAL_ACCENT_COLOR_NAME = AccentColor;
				CODE_SIGN_ENTITLEMENTS = InfoDay/InfoDay.entitlements;
				CODE_SIGN_STYLE = Automatic;
				CURRENT_PROJECT_VERSION = 1;
				DEVELOPMENT_ASSET_PATHS = "\"InfoDay/Preview Content\"";
				ENABLE_PREVIEWS = YES;
				GENERATE_INFOPLIST_FILE = YES;
				"INFOPLIST_KEY_UIApplicationSceneManifest_Generation[sdk=iphoneos*]" = YES;
				"INFOPLIST_KEY_UIApplicationSceneManifest_Generation[sdk=iphonesimulator*]" = YES;
				"INFOPLIST_KEY_UIApplicationSupportsIndirectInputEvents[sdk=iphoneos*]" = YES;
				"INFOPLIST_KEY_UIApplicationSupportsIndirectInputEvents[sdk=iphonesimulator*]" = YES;
				"INFOPLIST_KEY_UILaunchScreen_Generation[sdk=iphoneos*]" = YES;
				"INFOPLIST_KEY_UILaunchScreen_Generation[sdk=iphonesimulator*]" = YES;
				"INFOPLIST_KEY_UIStatusBarStyle[sdk=iphoneos*]" = UIStatusBarStyleDefault;
				"INFOPLIST_KEY_UIStatusBarStyle[sdk=iphonesimulator*]" = UIStatusBarStyleDefault;
				INFOPLIST_KEY_UISupportedInterfaceOrientations_iPad = "UIInterfaceOrientationPortrait UIInterfaceOrientationPortraitUpsideDown UIInterfaceOrientationLandscapeLeft UIInterfaceOrientationLandscapeRight";
				INFOPLIST_KEY_UISupportedInterfaceOrientations_iPhone = "UIInterfaceOrientationPortrait UIInterfaceOrientationLandscapeLeft UIInterfaceOrientationLandscapeRight";
				IPHONEOS_DEPLOYMENT_TARGET = 17.5;
				LD_RUNPATH_SEARCH_PATHS = "@executable_path/Frameworks";
				"LD_RUNPATH_SEARCH_PATHS[sdk=macosx*]" = "@executable_path/../Frameworks";
				MACOSX_DEPLOYMENT_TARGET = 14.5;
				MARKETING_VERSION = 1.0;
				PRODUCT_BUNDLE_IDENTIFIER = hk.edu.hkbu.comp.InfoDay;
				PRODUCT_NAME = "$(TARGET_NAME)";
				SDKROOT = auto;
				SUPPORTED_PLATFORMS = "iphoneos iphonesimulator macosx";
				SWIFT_EMIT_LOC_STRINGS = YES;
				SWIFT_VERSION = 5.0;
				TARGETED_DEVICE_FAMILY = "1,2";
			};
			name = Debug;
		};
		6B0AD8CB2C8EE63C001F561C /* Release */ = {
			isa = XCBuildConfiguration;
			buildSettings = {
				ASSETCATALOG_COMPILER_APPICON_NAME = AppIcon;
				ASSETCATALOG_COMPILER_GLOBAL_ACCENT_COLOR_NAME = AccentColor;
				CODE_SIGN_ENTITLEMENTS = InfoDay/InfoDay.entitlements;
				CODE_SIGN_STYLE = Automatic;
				CURRENT_PROJECT_VERSION = 1;
				DEVELOPMENT_ASSET_PATHS = "\"InfoDay/Preview Content\"";
				ENABLE_PREVIEWS = YES;
				GENERATE_INFOPLIST_FILE = YES;
				"INFOPLIST_KEY_UIApplicationSceneManifest_Generation[sdk=iphoneos*]" = YES;
				"INFOPLIST_KEY_UIApplicationSceneManifest_Generation[sdk=iphonesimulator*]" = YES;
				"INFOPLIST_KEY_UIApplicationSupportsIndirectInputEvents[sdk=iphoneos*]" = YES;
				"INFOPLIST_KEY_UIApplicationSupportsIndirectInputEvents[sdk=iphonesimulator*]" = YES;
				"INFOPLIST_KEY_UILaunchScreen_Generation[sdk=iphoneos*]" = YES;
				"INFOPLIST_KEY_UILaunchScreen_Generation[sdk=iphonesimulator*]" = YES;
				"INFOPLIST_KEY_UIStatusBarStyle[sdk=iphoneos*]" = UIStatusBarStyleDefault;
				"INFOPLIST_KEY_UIStatusBarStyle[sdk=iphonesimulator*]" = UIStatusBarStyleDefault;
				INFOPLIST_KEY_UISupportedInterfaceOrientations_iPad = "UIInterfaceOrientationPortrait UIInterfaceOrientationPortraitUpsideDown UIInterfaceOrientationLandscapeLeft UIInterfaceOrientationLandscapeRight";
				INFOPLIST_KEY_UISupportedInterfaceOrientations_iPhone = "UIInterfaceOrientationPortrait UIInterfaceOrientationLandscapeLeft UIInterfaceOrientationLandscapeRight";
				IPHONEOS_DEPLOYMENT_TARGET = 17.5;
				LD_RUNPATH_SEARCH_PATHS = "@executable_path/Frameworks";
				"LD_RUNPATH_SEARCH_PATHS[sdk=macosx*]" = "@executable_path/../Frameworks";
				MACOSX_DEPLOYMENT_TARGET = 14.5;
				MARKETING_VERSION = 1.0;
				PRODUCT_BUNDLE_IDENTIFIER = hk.edu.hkbu.comp.InfoDay;
				PRODUCT_NAME = "$(TARGET_NAME)";
				SDKROOT = auto;
				SUPPORTED_PLATFORMS = "iphoneos iphonesimulator macosx";
				SWIFT_EMIT_LOC_STRINGS = YES;
				SWIFT_VERSION = 5.0;
				TARGETED_DEVICE_FAMILY = "1,2";
			};
			name = Release;
		};
		6B0AD8CD2C8EE63C001F561C /* Debug */ = {
			isa = XCBuildConfiguration;
			buildSettings = {
				ALWAYS_EMBED_SWIFT_STANDARD_LIBRARIES = YES;
				BUNDLE_LOADER = "$(TEST_HOST)";
				CODE_SIGN_STYLE = Automatic;
				CURRENT_PROJECT_VERSION = 1;
				GENERATE_INFOPLIST_FILE = YES;
				IPHONEOS_DEPLOYMENT_TARGET = 17.5;
				MACOSX_DEPLOYMENT_TARGET = 14.5;
				MARKETING_VERSION = 1.0;
				PRODUCT_BUNDLE_IDENTIFIER = hk.edu.hkbu.comp.InfoDayTests;
				PRODUCT_NAME = "$(TARGET_NAME)";
				SDKROOT = auto;
				SUPPORTED_PLATFORMS = "iphoneos iphonesimulator macosx";
				SWIFT_EMIT_LOC_STRINGS = NO;
				SWIFT_VERSION = 5.0;
				TARGETED_DEVICE_FAMILY = "1,2";
				TEST_HOST = "$(BUILT_PRODUCTS_DIR)/InfoDay.app/$(BUNDLE_EXECUTABLE_FOLDER_PATH)/InfoDay";
			};
			name = Debug;
		};
		6B0AD8CE2C8EE63C001F561C /* Release */ = {
			isa = XCBuildConfiguration;
			buildSettings = {
				ALWAYS_EMBED_SWIFT_STANDARD_LIBRARIES = YES;
				BUNDLE_LOADER = "$(TEST_HOST)";
				CODE_SIGN_STYLE = Automatic;
				CURRENT_PROJECT_VERSION = 1;
				GENERATE_INFOPLIST_FILE = YES;
				IPHONEOS_DEPLOYMENT_TARGET = 17.5;
				MACOSX_DEPLOYMENT_TARGET = 14.5;
				MARKETING_VERSION = 1.0;
				PRODUCT_BUNDLE_IDENTIFIER = hk.edu.hkbu.comp.InfoDayTests;
				PRODUCT_NAME = "$(TARGET_NAME)";
				SDKROOT = auto;
				SUPPORTED_PLATFORMS = "iphoneos iphonesimulator macosx";
				SWIFT_EMIT_LOC_STRINGS = NO;
				SWIFT_VERSION = 5.0;
				TARGETED_DEVICE_FAMILY = "1,2";
				TEST_HOST = "$(BUILT_PRODUCTS_DIR)/InfoDay.app/$(BUNDLE_EXECUTABLE_FOLDER_PATH)/InfoDay";
			};
			name = Release;
		};
		6B0AD8D02C8EE63C001F561C /* Debug */ = {
			isa = XCBuildConfiguration;
			buildSettings = {
				ALWAYS_EMBED_SWIFT_STANDARD_LIBRARIES = YES;
				CODE_SIGN_STYLE = Automatic;
				CURRENT_PROJECT_VERSION = 1;
				GENERATE_INFOPLIST_FILE = YES;
				IPHONEOS_DEPLOYMENT_TARGET = 17.5;
				MACOSX_DEPLOYMENT_TARGET = 14.5;
				MARKETING_VERSION = 1.0;
				PRODUCT_BUNDLE_IDENTIFIER = hk.edu.hkbu.comp.InfoDayUITests;
				PRODUCT_NAME = "$(TARGET_NAME)";
				SDKROOT = auto;
				SUPPORTED_PLATFORMS = "iphoneos iphonesimulator macosx";
				SWIFT_EMIT_LOC_STRINGS = NO;
				SWIFT_VERSION = 5.0;
				TARGETED_DEVICE_FAMILY = "1,2";
				TEST_TARGET_NAME = InfoDay;
			};
			name = Debug;
		};
		6B0AD8D12C8EE63C001F561C /* Release */ = {
			isa = XCBuildConfiguration;
			buildSettings = {
				ALWAYS_EMBED_SWIFT_STANDARD_LIBRARIES = YES;
				CODE_SIGN_STYLE = Automatic;
				CURRENT_PROJECT_VERSION = 1;
				GENERATE_INFOPLIST_FILE = YES;
				IPHONEOS_DEPLOYMENT_TARGET = 17.5;
				MACOSX_DEPLOYMENT_TARGET = 14.5;
				MARKETING_VERSION = 1.0;
				PRODUCT_BUNDLE_IDENTIFIER = hk.edu.hkbu.comp.InfoDayUITests;
				PRODUCT_NAME = "$(TARGET_NAME)";
				SDKROOT = auto;
				SUPPORTED_PLATFORMS = "iphoneos iphonesimulator macosx";
				SWIFT_EMIT_LOC_STRINGS = NO;
				SWIFT_VERSION = 5.0;
				TARGETED_DEVICE_FAMILY = "1,2";
				TEST_TARGET_NAME = InfoDay;
			};
			name = Release;
		};
/* End XCBuildConfiguration section */

/* Begin XCConfigurationList section */
		6B0AD89F2C8EE63B001F561C /* Build configuration list for PBXProject "InfoDay" */ = {
			isa = XCConfigurationList;
			buildConfigurations = (
				6B0AD8C72C8EE63C001F561C /* Debug */,
				6B0AD8C82C8EE63C001F561C /* Release */,
			);
			defaultConfigurationIsVisible = 0;
			defaultConfigurationName = Release;
		};
		6B0AD8C92C8EE63C001F561C /* Build configuration list for PBXNativeTarget "InfoDay" */ = {
			isa = XCConfigurationList;
			buildConfigurations = (
				6B0AD8CA2C8EE63C001F561C /* Debug */,
				6B0AD8CB2C8EE63C001F561C /* Release */,
			);
			defaultConfigurationIsVisible = 0;
			defaultConfigurationName = Release;
		};
		6B0AD8CC2C8EE63C001F561C /* Build configuration list for PBXNativeTarget "InfoDayTests" */ = {
			isa = XCConfigurationList;
			buildConfigurations = (
				6B0AD8CD2C8EE63C001F561C /* Debug */,
				6B0AD8CE2C8EE63C001F561C /* Release */,
			);
			defaultConfigurationIsVisible = 0;
			defaultConfigurationName = Release;
		};
		6B0AD8CF2C8EE63C001F561C /* Build configuration list for PBXNativeTarget "InfoDayUITests" */ = {
			isa = XCConfigurationList;
			buildConfigurations = (
				6B0AD8D02C8EE63C001F561C /* Debug */,
				6B0AD8D12C8EE63C001F561C /* Release */,
			);
			defaultConfigurationIsVisible = 0;
			defaultConfigurationName = Release;
		};
/* End XCConfigurationList section */
	};
	rootObject = 6B0AD89C2C8EE63B001F561C /* Project object */;
}
